
Microsoft Visual Studio Solution File, Format Version 12.00
# Visual Studio Version 17
VisualStudioVersion = 17.6.33723.286
MinimumVisualStudioVersion = 10.0.40219.1
Project("{FAE04EC0-301F-11D3-BF4B-00C04F79EFBC}") = "PrinterDirectCmdr", "PrinterDirectCmdr\PrinterDirectCmdr.csproj", "{AFF5644C-A444-426A-989A-90A92119FF04}"
EndProject
Global
	GlobalSection(SolutionConfigurationPlatforms) = preSolution
		Debug|Any CPU = Debug|Any CPU
		Release|Any CPU = Release|Any CPU
	EndGlobalSection
	GlobalSection(ProjectConfigurationPlatforms) = postSolution
		{AFF5644C-A444-426A-989A-90A92119FF04}.Debug|Any CPU.ActiveCfg = Debug|Any CPU
		{AFF5644C-A444-426A-989A-90A92119FF04}.Debug|Any CPU.Build.0 = Debug|Any CPU
		{AFF5644C-A444-426A-989A-90A92119FF04}.Release|Any CPU.ActiveCfg = Release|Any CPU
		{AFF5644C-A444-426A-989A-90A92119FF04}.Release|Any CPU.Build.0 = Release|Any CPU
	EndGlobalSection
	GlobalSection(SolutionProperties) = preSolution
		HideSolutionNode = FALSE
	EndGlobalSection
	GlobalSection(ExtensibilityGlobals) = postSolution
		SolutionGuid = {B7E3095D-4CC4-40B9-8029-A30EA55910E0}
	EndGlobalSection
EndGlobal
